
Microsoft Visual Studio Solution File, Format Version 12.00
# Visual Studio Version 17
VisualStudioVersion = 17.14.36221.1 d17.14
MinimumVisualStudioVersion = 10.0.40219.1
Project("{FAE04EC0-301F-11D3-BF4B-00C04F79EFBC}") = "Atillo_Act7", "Atillo_Act7\Atillo_Act7.csproj", "{9C7617E6-D2F4-45A0-959C-531E82BFD2E3}"
EndProject
Global
	GlobalSection(SolutionConfigurationPlatforms) = preSolution
		Debug|Any CPU = Debug|Any CPU
		Release|Any CPU = Release|Any CPU
	EndGlobalSection
	GlobalSection(ProjectConfigurationPlatforms) = postSolution
		{9C7617E6-D2F4-45A0-959C-531E82BFD2E3}.Debug|Any CPU.ActiveCfg = Debug|Any CPU
		{9C7617E6-D2F4-45A0-959C-531E82BFD2E3}.Debug|Any CPU.Build.0 = Debug|Any CPU
		{9C7617E6-D2F4-45A0-959C-531E82BFD2E3}.Release|Any CPU.ActiveCfg = Release|Any CPU
		{9C7617E6-D2F4-45A0-959C-531E82BFD2E3}.Release|Any CPU.Build.0 = Release|Any CPU
	EndGlobalSection
	GlobalSection(SolutionProperties) = preSolution
		HideSolutionNode = FALSE
	EndGlobalSection
	GlobalSection(ExtensibilityGlobals) = postSolution
		SolutionGuid = {E41C1500-DCD4-493C-A692-FCEABDC09531}
	EndGlobalSection
EndGlobal
