
Microsoft Visual Studio Solution File, Format Version 12.00
# Visual Studio Version 17
VisualStudioVersion = 17.14.36310.24 d17.14
MinimumVisualStudioVersion = 10.0.40219.1
Project("{FAE04EC0-301F-11D3-BF4B-00C04F79EFBC}") = "atillo_activity9", "atillo_activity9\atillo_activity9.csproj", "{7ED9C522-B6EF-4D3A-BD3E-D301819E8DB8}"
EndProject
Global
	GlobalSection(SolutionConfigurationPlatforms) = preSolution
		Debug|Any CPU = Debug|Any CPU
		Release|Any CPU = Release|Any CPU
	EndGlobalSection
	GlobalSection(ProjectConfigurationPlatforms) = postSolution
		{7ED9C522-B6EF-4D3A-BD3E-D301819E8DB8}.Debug|Any CPU.ActiveCfg = Debug|Any CPU
		{7ED9C522-B6EF-4D3A-BD3E-D301819E8DB8}.Debug|Any CPU.Build.0 = Debug|Any CPU
		{7ED9C522-B6EF-4D3A-BD3E-D301819E8DB8}.Release|Any CPU.ActiveCfg = Release|Any CPU
		{7ED9C522-B6EF-4D3A-BD3E-D301819E8DB8}.Release|Any CPU.Build.0 = Release|Any CPU
	EndGlobalSection
	GlobalSection(SolutionProperties) = preSolution
		HideSolutionNode = FALSE
	EndGlobalSection
	GlobalSection(ExtensibilityGlobals) = postSolution
		SolutionGuid = {D0EF438E-A862-4346-A071-A27897E757CD}
	EndGlobalSection
EndGlobal
