
Microsoft Visual Studio Solution File, Format Version 12.00
# Visual Studio Version 17
VisualStudioVersion = 17.14.36221.1 d17.14
MinimumVisualStudioVersion = 10.0.40219.1
Project("{FAE04EC0-301F-11D3-BF4B-00C04F79EFBC}") = "PRELIM_REVIEW ACTIVITY", "PRELIM_REVIEW ACTIVITY\PRELIM_REVIEW ACTIVITY.csproj", "{DC544DF4-31AF-44D4-93F0-86B5CCF1EFB8}"
EndProject
Global
	GlobalSection(SolutionConfigurationPlatforms) = preSolution
		Debug|Any CPU = Debug|Any CPU
		Release|Any CPU = Release|Any CPU
	EndGlobalSection
	GlobalSection(ProjectConfigurationPlatforms) = postSolution
		{DC544DF4-31AF-44D4-93F0-86B5CCF1EFB8}.Debug|Any CPU.ActiveCfg = Debug|Any CPU
		{DC544DF4-31AF-44D4-93F0-86B5CCF1EFB8}.Debug|Any CPU.Build.0 = Debug|Any CPU
		{DC544DF4-31AF-44D4-93F0-86B5CCF1EFB8}.Release|Any CPU.ActiveCfg = Release|Any CPU
		{DC544DF4-31AF-44D4-93F0-86B5CCF1EFB8}.Release|Any CPU.Build.0 = Release|Any CPU
	EndGlobalSection
	GlobalSection(SolutionProperties) = preSolution
		HideSolutionNode = FALSE
	EndGlobalSection
	GlobalSection(ExtensibilityGlobals) = postSolution
		SolutionGuid = {2CA3C823-952B-46C9-9B56-0654ED0B7940}
	EndGlobalSection
EndGlobal
